
Microsoft Visual Studio Solution File, Format Version 12.00
# Visual Studio Version 16
VisualStudioVersion = 16.0.31729.503
MinimumVisualStudioVersion = 10.0.40219.1
Project("{9A19103F-16F7-4668-BE54-9A1E7A4F7556}") = "FD.EnergySupplierPal.Console", "FD.EnergySupplierPal.Console\FD.EnergySupplierPal.Console.csproj", "{CD203534-8402-4191-ADD5-647C7C6B3218}"
EndProject
Project("{FAE04EC0-301F-11D3-BF4B-00C04F79EFBC}") = "FD.EnergySupplierPal.Console.Tests", "FD.EnergySupplierPal.Console.Tests\FD.EnergySupplierPal.Console.Tests.csproj", "{D8D73FDF-021B-4304-BBFB-FB20BE7D5167}"
EndProject
Global
	GlobalSection(SolutionConfigurationPlatforms) = preSolution
		Debug|Any CPU = Debug|Any CPU
		Release|Any CPU = Release|Any CPU
	EndGlobalSection
	GlobalSection(ProjectConfigurationPlatforms) = postSolution
		{CD203534-8402-4191-ADD5-647C7C6B3218}.Debug|Any CPU.ActiveCfg = Debug|Any CPU
		{CD203534-8402-4191-ADD5-647C7C6B3218}.Debug|Any CPU.Build.0 = Debug|Any CPU
		{CD203534-8402-4191-ADD5-647C7C6B3218}.Release|Any CPU.ActiveCfg = Release|Any CPU
		{CD203534-8402-4191-ADD5-647C7C6B3218}.Release|Any CPU.Build.0 = Release|Any CPU
		{D8D73FDF-021B-4304-BBFB-FB20BE7D5167}.Debug|Any CPU.ActiveCfg = Debug|Any CPU
		{D8D73FDF-021B-4304-BBFB-FB20BE7D5167}.Debug|Any CPU.Build.0 = Debug|Any CPU
		{D8D73FDF-021B-4304-BBFB-FB20BE7D5167}.Release|Any CPU.ActiveCfg = Release|Any CPU
		{D8D73FDF-021B-4304-BBFB-FB20BE7D5167}.Release|Any CPU.Build.0 = Release|Any CPU
	EndGlobalSection
	GlobalSection(SolutionProperties) = preSolution
		HideSolutionNode = FALSE
	EndGlobalSection
	GlobalSection(ExtensibilityGlobals) = postSolution
		SolutionGuid = {5D0A1BD4-3FDB-42E1-932C-436E77B4408B}
	EndGlobalSection
EndGlobal
